// !$*UTF8*$!
{
	archiveVersion = 1;
	classes = {
	};
	objectVersion = 56;
	objects = {

/* Begin PBXBuildFile section */
		8C4674992B3CC7970034EB19 /* GoogleService-Info.plist in Resources */ = {isa = PBXBuildFile; fileRef = 8C4674982B3CC7970034EB19 /* GoogleService-Info.plist */; };
		8C46749C2B3CC8D70034EB19 /* FirebaseAuth in Frameworks */ = {isa = PBXBuildFile; productRef = 8C46749B2B3CC8D70034EB19 /* FirebaseAuth */; };
		8C46749E2B3CC8D70034EB19 /* FirebaseFirestore in Frameworks */ = {isa = PBXBuildFile; productRef = 8C46749D2B3CC8D70034EB19 /* FirebaseFirestore */; };
		8C4674A02B3CC8D70034EB19 /* FirebaseFirestoreSwift in Frameworks */ = {isa = PBXBuildFile; productRef = 8C46749F2B3CC8D70034EB19 /* FirebaseFirestoreSwift */; };
		8C4674A82B486DDF0034EB19 /* PizzaModel.swift in Sources */ = {isa = PBXBuildFile; fileRef = 8C4674A72B486DDF0034EB19 /* PizzaModel.swift */; };
		8C4674AC2B4882CD0034EB19 /* MainView.swift in Sources */ = {isa = PBXBuildFile; fileRef = 8C4674AB2B4882CD0034EB19 /* MainView.swift */; };
		8C55CCF12B506CA000677AF6 /* MockData.swift in Sources */ = {isa = PBXBuildFile; fileRef = 8C55CCF02B506CA000677AF6 /* MockData.swift */; };
		8C55CCF52B507E1600677AF6 /* ImputView.swift in Sources */ = {isa = PBXBuildFile; fileRef = 8C55CCF42B507E1600677AF6 /* ImputView.swift */; };
		8C55CCF72B514A5C00677AF6 /* CartCellView.swift in Sources */ = {isa = PBXBuildFile; fileRef = 8C55CCF62B514A5C00677AF6 /* CartCellView.swift */; };
		8C6C8B6E2B4FFFEB0042A33B /* CartView.swift in Sources */ = {isa = PBXBuildFile; fileRef = 8C6C8B6D2B4FFFEB0042A33B /* CartView.swift */; };
		8C6C8B702B5004100042A33B /* CartModel.swift in Sources */ = {isa = PBXBuildFile; fileRef = 8C6C8B6F2B50040F0042A33B /* CartModel.swift */; };
		8C82D2732B3CC12F007E59DC /* PizzaDeliveryApp.swift in Sources */ = {isa = PBXBuildFile; fileRef = 8C82D2722B3CC12F007E59DC /* PizzaDeliveryApp.swift */; };
		8C82D2752B3CC12F007E59DC /* MenuView.swift in Sources */ = {isa = PBXBuildFile; fileRef = 8C82D2742B3CC12F007E59DC /* MenuView.swift */; };
		8C82D2772B3CC131007E59DC /* Assets.xcassets in Resources */ = {isa = PBXBuildFile; fileRef = 8C82D2762B3CC131007E59DC /* Assets.xcassets */; };
		8C82D27A2B3CC131007E59DC /* Preview Assets.xcassets in Resources */ = {isa = PBXBuildFile; fileRef = 8C82D2792B3CC131007E59DC /* Preview Assets.xcassets */; };
		8C82D2832B3CC24A007E59DC /* WelcomeView.swift in Sources */ = {isa = PBXBuildFile; fileRef = 8C82D2822B3CC24A007E59DC /* WelcomeView.swift */; };
		8C82D2852B3CC2AC007E59DC /* RegisterOrLoginView.swift in Sources */ = {isa = PBXBuildFile; fileRef = 8C82D2842B3CC2AC007E59DC /* RegisterOrLoginView.swift */; };
		8CF5168E2B4DAF4400AE7953 /* CustomButton.swift in Sources */ = {isa = PBXBuildFile; fileRef = 8CF5168D2B4DAF4400AE7953 /* CustomButton.swift */; };
		AC0B38292B69991800FFC85F /* PizzaDetailView.swift in Sources */ = {isa = PBXBuildFile; fileRef = AC0B38282B69991800FFC85F /* PizzaDetailView.swift */; };
		AC0B382B2B69A44800FFC85F /* AdjusterView.swift in Sources */ = {isa = PBXBuildFile; fileRef = AC0B382A2B69A44800FFC85F /* AdjusterView.swift */; };
		ACE8D4082BD96E070074051E /* PizzaView.swift in Sources */ = {isa = PBXBuildFile; fileRef = 8C4674A92B486E140034EB19 /* PizzaView.swift */; };
/* End PBXBuildFile section */

/* Begin PBXFileReference section */
		8C4674982B3CC7970034EB19 /* GoogleService-Info.plist */ = {isa = PBXFileReference; fileEncoding = 4; lastKnownFileType = text.plist.xml; path = "GoogleService-Info.plist"; sourceTree = "<group>"; };
		8C4674A72B486DDF0034EB19 /* PizzaModel.swift */ = {isa = PBXFileReference; lastKnownFileType = sourcecode.swift; path = PizzaModel.swift; sourceTree = "<group>"; };
		8C4674A92B486E140034EB19 /* PizzaView.swift */ = {isa = PBXFileReference; lastKnownFileType = sourcecode.swift; name = PizzaView.swift; path = /Users/mark4/Desktop/Development/SwiftUI/PizzaDelivery/PizzaDelivery/Views/PizzaView.swift; sourceTree = "<absolute>"; };
		8C4674AB2B4882CD0034EB19 /* MainView.swift */ = {isa = PBXFileReference; lastKnownFileType = sourcecode.swift; path = MainView.swift; sourceTree = "<group>"; };
		8C55CCF02B506CA000677AF6 /* MockData.swift */ = {isa = PBXFileReference; lastKnownFileType = sourcecode.swift; path = MockData.swift; sourceTree = "<group>"; };
		8C55CCF42B507E1600677AF6 /* ImputView.swift */ = {isa = PBXFileReference; lastKnownFileType = sourcecode.swift; path = ImputView.swift; sourceTree = "<group>"; };
		8C55CCF62B514A5C00677AF6 /* CartCellView.swift */ = {isa = PBXFileReference; lastKnownFileType = sourcecode.swift; path = CartCellView.swift; sourceTree = "<group>"; };
		8C6C8B6D2B4FFFEB0042A33B /* CartView.swift */ = {isa = PBXFileReference; lastKnownFileType = sourcecode.swift; path = CartView.swift; sourceTree = "<group>"; };
		8C6C8B6F2B50040F0042A33B /* CartModel.swift */ = {isa = PBXFileReference; lastKnownFileType = sourcecode.swift; path = CartModel.swift; sourceTree = "<group>"; };
		8C82D26F2B3CC12F007E59DC /* PizzaDelivery.app */ = {isa = PBXFileReference; explicitFileType = wrapper.application; includeInIndex = 0; path = PizzaDelivery.app; sourceTree = BUILT_PRODUCTS_DIR; };
		8C82D2722B3CC12F007E59DC /* PizzaDeliveryApp.swift */ = {isa = PBXFileReference; lastKnownFileType = sourcecode.swift; path = PizzaDeliveryApp.swift; sourceTree = "<group>"; };
		8C82D2742B3CC12F007E59DC /* MenuView.swift */ = {isa = PBXFileReference; lastKnownFileType = sourcecode.swift; path = MenuView.swift; sourceTree = "<group>"; };
		8C82D2762B3CC131007E59DC /* Assets.xcassets */ = {isa = PBXFileReference; lastKnownFileType = folder.assetcatalog; path = Assets.xcassets; sourceTree = "<group>"; };
		8C82D2792B3CC131007E59DC /* Preview Assets.xcassets */ = {isa = PBXFileReference; lastKnownFileType = folder.assetcatalog; path = "Preview Assets.xcassets"; sourceTree = "<group>"; };
		8C82D2822B3CC24A007E59DC /* WelcomeView.swift */ = {isa = PBXFileReference; lastKnownFileType = sourcecode.swift; path = WelcomeView.swift; sourceTree = "<group>"; };
		8C82D2842B3CC2AC007E59DC /* RegisterOrLoginView.swift */ = {isa = PBXFileReference; lastKnownFileType = sourcecode.swift; path = RegisterOrLoginView.swift; sourceTree = "<group>"; };
		8CF5168D2B4DAF4400AE7953 /* CustomButton.swift */ = {isa = PBXFileReference; lastKnownFileType = sourcecode.swift; path = CustomButton.swift; sourceTree = "<group>"; };
		AC0B38282B69991800FFC85F /* PizzaDetailView.swift */ = {isa = PBXFileReference; lastKnownFileType = sourcecode.swift; path = PizzaDetailView.swift; sourceTree = "<group>"; };
		AC0B382A2B69A44800FFC85F /* AdjusterView.swift */ = {isa = PBXFileReference; lastKnownFileType = sourcecode.swift; path = AdjusterView.swift; sourceTree = "<group>"; };
/* End PBXFileReference section */

/* Begin PBXFrameworksBuildPhase section */
		8C82D26C2B3CC12F007E59DC /* Frameworks */ = {
			isa = PBXFrameworksBuildPhase;
			buildActionMask = 2147483647;
			files = (
				8C46749C2B3CC8D70034EB19 /* FirebaseAuth in Frameworks */,
				8C46749E2B3CC8D70034EB19 /* FirebaseFirestore in Frameworks */,
				8C4674A02B3CC8D70034EB19 /* FirebaseFirestoreSwift in Frameworks */,
			);
			runOnlyForDeploymentPostprocessing = 0;
		};
/* End PBXFrameworksBuildPhase section */

/* Begin PBXGroup section */
		8C4674A62B486DD20034EB19 /* Model */ = {
			isa = PBXGroup;
			children = (
				8C4674A72B486DDF0034EB19 /* PizzaModel.swift */,
				8C6C8B6F2B50040F0042A33B /* CartModel.swift */,
			);
			path = Model;
			sourceTree = "<group>";
		};
		8C55CCEF2B506C8000677AF6 /* Mock Data */ = {
			isa = PBXGroup;
			children = (
				8C55CCF02B506CA000677AF6 /* MockData.swift */,
			);
			path = "Mock Data";
			sourceTree = "<group>";
		};
		8C82D2662B3CC12F007E59DC = {
			isa = PBXGroup;
			children = (
				8C82D2712B3CC12F007E59DC /* PizzaDelivery */,
				8C82D2702B3CC12F007E59DC /* Products */,
			);
			sourceTree = "<group>";
		};
		8C82D2702B3CC12F007E59DC /* Products */ = {
			isa = PBXGroup;
			children = (
				8C82D26F2B3CC12F007E59DC /* PizzaDelivery.app */,
			);
			name = Products;
			sourceTree = "<group>";
		};
		8C82D2712B3CC12F007E59DC /* PizzaDelivery */ = {
			isa = PBXGroup;
			children = (
				8C55CCEF2B506C8000677AF6 /* Mock Data */,
				8CF5168C2B4DADE800AE7953 /* Components */,
				8CF516862B4DAD2000AE7953 /* App */,
				8C4674A62B486DD20034EB19 /* Model */,
				8C82D2812B3CC218007E59DC /* Authentication */,
				8C82D2802B3CC20E007E59DC /* Views */,
				8C82D2762B3CC131007E59DC /* Assets.xcassets */,
				8C4674982B3CC7970034EB19 /* GoogleService-Info.plist */,
				8C82D2782B3CC131007E59DC /* Preview Content */,
			);
			path = PizzaDelivery;
			sourceTree = "<group>";
		};
		8C82D2782B3CC131007E59DC /* Preview Content */ = {
			isa = PBXGroup;
			children = (
				8C82D2792B3CC131007E59DC /* Preview Assets.xcassets */,
			);
			path = "Preview Content";
			sourceTree = "<group>";
		};
		8C82D2802B3CC20E007E59DC /* Views */ = {
			isa = PBXGroup;
			children = (
				8C4674A92B486E140034EB19 /* PizzaView.swift */,
				8C6C8B6D2B4FFFEB0042A33B /* CartView.swift */,
				8C82D2742B3CC12F007E59DC /* MenuView.swift */,
				8C4674AB2B4882CD0034EB19 /* MainView.swift */,
			);
			path = Views;
			sourceTree = "<group>";
		};
		8C82D2812B3CC218007E59DC /* Authentication */ = {
			isa = PBXGroup;
			children = (
				8CF516882B4DAD4300AE7953 /* ViewModel */,
				8CF516872B4DAD3C00AE7953 /* Views */,
			);
			path = Authentication;
			sourceTree = "<group>";
		};
		8CF516862B4DAD2000AE7953 /* App */ = {
			isa = PBXGroup;
			children = (
				8C82D2722B3CC12F007E59DC /* PizzaDeliveryApp.swift */,
			);
			path = App;
			sourceTree = "<group>";
		};
		8CF516872B4DAD3C00AE7953 /* Views */ = {
			isa = PBXGroup;
			children = (
				8C82D2822B3CC24A007E59DC /* WelcomeView.swift */,
				8C82D2842B3CC2AC007E59DC /* RegisterOrLoginView.swift */,
			);
			path = Views;
			sourceTree = "<group>";
		};
		8CF516882B4DAD4300AE7953 /* ViewModel */ = {
			isa = PBXGroup;
			children = (
			);
			path = ViewModel;
			sourceTree = "<group>";
		};
		8CF5168C2B4DADE800AE7953 /* Components */ = {
			isa = PBXGroup;
			children = (
				AC0B38282B69991800FFC85F /* PizzaDetailView.swift */,
				8CF5168D2B4DAF4400AE7953 /* CustomButton.swift */,
				8C55CCF42B507E1600677AF6 /* ImputView.swift */,
				8C55CCF62B514A5C00677AF6 /* CartCellView.swift */,
				AC0B382A2B69A44800FFC85F /* AdjusterView.swift */,
			);
			path = Components;
			sourceTree = "<group>";
		};
/* End PBXGroup section */

/* Begin PBXNativeTarget section */
		8C82D26E2B3CC12F007E59DC /* PizzaDelivery */ = {
			isa = PBXNativeTarget;
			buildConfigurationList = 8C82D27D2B3CC131007E59DC /* Build configuration list for PBXNativeTarget "PizzaDelivery" */;
			buildPhases = (
				8C82D26B2B3CC12F007E59DC /* Sources */,
				8C82D26C2B3CC12F007E59DC /* Frameworks */,
				8C82D26D2B3CC12F007E59DC /* Resources */,
			);
			buildRules = (
			);
			dependencies = (
			);
			name = PizzaDelivery;
			packageProductDependencies = (
				8C46749B2B3CC8D70034EB19 /* FirebaseAuth */,
				8C46749D2B3CC8D70034EB19 /* FirebaseFirestore */,
				8C46749F2B3CC8D70034EB19 /* FirebaseFirestoreSwift */,
			);
			productName = PizzaDelivery;
			productReference = 8C82D26F2B3CC12F007E59DC /* PizzaDelivery.app */;
			productType = "com.apple.product-type.application";
		};
/* End PBXNativeTarget section */

/* Begin PBXProject section */
		8C82D2672B3CC12F007E59DC /* Project object */ = {
			isa = PBXProject;
			attributes = {
				BuildIndependentTargetsInParallel = 1;
				LastSwiftUpdateCheck = 1510;
				LastUpgradeCheck = 1510;
				TargetAttributes = {
					8C82D26E2B3CC12F007E59DC = {
						CreatedOnToolsVersion = 15.1;
					};
				};
			};
			buildConfigurationList = 8C82D26A2B3CC12F007E59DC /* Build configuration list for PBXProject "PizzaDelivery" */;
			compatibilityVersion = "Xcode 14.0";
			developmentRegion = en;
			hasScannedForEncodings = 0;
			knownRegions = (
				en,
				Base,
			);
			mainGroup = 8C82D2662B3CC12F007E59DC;
			packageReferences = (
				8C46749A2B3CC8D70034EB19 /* XCRemoteSwiftPackageReference "firebase-ios-sdk" */,
			);
			productRefGroup = 8C82D2702B3CC12F007E59DC /* Products */;
			projectDirPath = "";
			projectRoot = "";
			targets = (
				8C82D26E2B3CC12F007E59DC /* PizzaDelivery */,
			);
		};
/* End PBXProject section */

/* Begin PBXResourcesBuildPhase section */
		8C82D26D2B3CC12F007E59DC /* Resources */ = {
			isa = PBXResourcesBuildPhase;
			buildActionMask = 2147483647;
			files = (
				8C82D27A2B3CC131007E59DC /* Preview Assets.xcassets in Resources */,
				8C82D2772B3CC131007E59DC /* Assets.xcassets in Resources */,
				8C4674992B3CC7970034EB19 /* GoogleService-Info.plist in Resources */,
			);
			runOnlyForDeploymentPostprocessing = 0;
		};
/* End PBXResourcesBuildPhase section */

/* Begin PBXSourcesBuildPhase section */
		8C82D26B2B3CC12F007E59DC /* Sources */ = {
			isa = PBXSourcesBuildPhase;
			buildActionMask = 2147483647;
			files = (
				8C6C8B6E2B4FFFEB0042A33B /* CartView.swift in Sources */,
				AC0B38292B69991800FFC85F /* PizzaDetailView.swift in Sources */,
				8C55CCF12B506CA000677AF6 /* MockData.swift in Sources */,
				8C55CCF72B514A5C00677AF6 /* CartCellView.swift in Sources */,
				8C82D2752B3CC12F007E59DC /* MenuView.swift in Sources */,
				8C4674AC2B4882CD0034EB19 /* MainView.swift in Sources */,
				8C55CCF52B507E1600677AF6 /* ImputView.swift in Sources */,
				8CF5168E2B4DAF4400AE7953 /* CustomButton.swift in Sources */,
				AC0B382B2B69A44800FFC85F /* AdjusterView.swift in Sources */,
				8C6C8B702B5004100042A33B /* CartModel.swift in Sources */,
				8C82D2832B3CC24A007E59DC /* WelcomeView.swift in Sources */,
				8C4674A82B486DDF0034EB19 /* PizzaModel.swift in Sources */,
				8C82D2852B3CC2AC007E59DC /* RegisterOrLoginView.swift in Sources */,
				8C82D2732B3CC12F007E59DC /* PizzaDeliveryApp.swift in Sources */,
				ACE8D4082BD96E070074051E /* PizzaView.swift in Sources */,
			);
			runOnlyForDeploymentPostprocessing = 0;
		};
/* End PBXSourcesBuildPhase section */

/* Begin XCBuildConfiguration section */
		8C82D27B2B3CC131007E59DC /* Debug */ = {
			isa = XCBuildConfiguration;
			buildSettings = {
				ALWAYS_SEARCH_USER_PATHS = NO;
				ASSETCATALOG_COMPILER_GENERATE_SWIFT_ASSET_SYMBOL_EXTENSIONS = YES;
				CLANG_ANALYZER_NONNULL = YES;
				CLANG_ANALYZER_NUMBER_OBJECT_CONVERSION = YES_AGGRESSIVE;
				CLANG_CXX_LANGUAGE_STANDARD = "gnu++20";
				CLANG_ENABLE_MODULES = YES;
				CLANG_ENABLE_OBJC_ARC = YES;
				CLANG_ENABLE_OBJC_WEAK = YES;
				CLANG_WARN_BLOCK_CAPTURE_AUTORELEASING = YES;
				CLANG_WARN_BOOL_CONVERSION = YES;
				CLANG_WARN_COMMA = YES;
				CLANG_WARN_CONSTANT_CONVERSION = YES;
				CLANG_WARN_DEPRECATED_OBJC_IMPLEMENTATIONS = YES;
				CLANG_WARN_DIRECT_OBJC_ISA_USAGE = YES_ERROR;
				CLANG_WARN_DOCUMENTATION_COMMENTS = YES;
				CLANG_WARN_EMPTY_BODY = YES;
				CLANG_WARN_ENUM_CONVERSION = YES;
				CLANG_WARN_INFINITE_RECURSION = YES;
				CLANG_WARN_INT_CONVERSION = YES;
				CLANG_WARN_NON_LITERAL_NULL_CONVERSION = YES;
				CLANG_WARN_OBJC_IMPLICIT_RETAIN_SELF = YES;
				CLANG_WARN_OBJC_LITERAL_CONVERSION = YES;
				CLANG_WARN_OBJC_ROOT_CLASS = YES_ERROR;
				CLANG_WARN_QUOTED_INCLUDE_IN_FRAMEWORK_HEADER = YES;
				CLANG_WARN_RANGE_LOOP_ANALYSIS = YES;
				CLANG_WARN_STRICT_PROTOTYPES = YES;
				CLANG_WARN_SUSPICIOUS_MOVE = YES;
				CLANG_WARN_UNGUARDED_AVAILABILITY = YES_AGGRESSIVE;
				CLANG_WARN_UNREACHABLE_CODE = YES;
				CLANG_WARN__DUPLICATE_METHOD_MATCH = YES;
				COPY_PHASE_STRIP = NO;
				DEBUG_INFORMATION_FORMAT = dwarf;
				ENABLE_STRICT_OBJC_MSGSEND = YES;
				ENABLE_TESTABILITY = YES;
				ENABLE_USER_SCRIPT_SANDBOXING = YES;
				GCC_C_LANGUAGE_STANDARD = gnu17;
				GCC_DYNAMIC_NO_PIC = NO;
				GCC_NO_COMMON_BLOCKS = YES;
				GCC_OPTIMIZATION_LEVEL = 0;
				GCC_PREPROCESSOR_DEFINITIONS = (
					"DEBUG=1",
					"$(inherited)",
				);
				GCC_WARN_64_TO_32_BIT_CONVERSION = YES;
				GCC_WARN_ABOUT_RETURN_TYPE = YES_ERROR;
				GCC_WARN_UNDECLARED_SELECTOR = YES;
				GCC_WARN_UNINITIALIZED_AUTOS = YES_AGGRESSIVE;
				GCC_WARN_UNUSED_FUNCTION = YES;
				GCC_WARN_UNUSED_VARIABLE = YES;
				IPHONEOS_DEPLOYMENT_TARGET = 17.2;
				LOCALIZATION_PREFERS_STRING_CATALOGS = YES;
				MTL_ENABLE_DEBUG_INFO = INCLUDE_SOURCE;
				MTL_FAST_MATH = YES;
				ONLY_ACTIVE_ARCH = YES;
				SDKROOT = iphoneos;
				SWIFT_ACTIVE_COMPILATION_CONDITIONS = "DEBUG $(inherited)";
				SWIFT_OPTIMIZATION_LEVEL = "-Onone";
			};
			name = Debug;
		};
		8C82D27C2B3CC131007E59DC /* Release */ = {
			isa = XCBuildConfiguration;
			buildSettings = {
				ALWAYS_SEARCH_USER_PATHS = NO;
				ASSETCATALOG_COMPILER_GENERATE_SWIFT_ASSET_SYMBOL_EXTENSIONS = YES;
				CLANG_ANALYZER_NONNULL = YES;
				CLANG_ANALYZER_NUMBER_OBJECT_CONVERSION = YES_AGGRESSIVE;
				CLANG_CXX_LANGUAGE_STANDARD = "gnu++20";
				CLANG_ENABLE_MODULES = YES;
				CLANG_ENABLE_OBJC_ARC = YES;
				CLANG_ENABLE_OBJC_WEAK = YES;
				CLANG_WARN_BLOCK_CAPTURE_AUTORELEASING = YES;
				CLANG_WARN_BOOL_CONVERSION = YES;
				CLANG_WARN_COMMA = YES;
				CLANG_WARN_CONSTANT_CONVERSION = YES;
				CLANG_WARN_DEPRECATED_OBJC_IMPLEMENTATIONS = YES;
				CLANG_WARN_DIRECT_OBJC_ISA_USAGE = YES_ERROR;
				CLANG_WARN_DOCUMENTATION_COMMENTS = YES;
				CLANG_WARN_EMPTY_BODY = YES;
				CLANG_WARN_ENUM_CONVERSION = YES;
				CLANG_WARN_INFINITE_RECURSION = YES;
				CLANG_WARN_INT_CONVERSION = YES;
				CLANG_WARN_NON_LITERAL_NULL_CONVERSION = YES;
				CLANG_WARN_OBJC_IMPLICIT_RETAIN_SELF = YES;
				CLANG_WARN_OBJC_LITERAL_CONVERSION = YES;
				CLANG_WARN_OBJC_ROOT_CLASS = YES_ERROR;
				CLANG_WARN_QUOTED_INCLUDE_IN_FRAMEWORK_HEADER = YES;
				CLANG_WARN_RANGE_LOOP_ANALYSIS = YES;
				CLANG_WARN_STRICT_PROTOTYPES = YES;
				CLANG_WARN_SUSPICIOUS_MOVE = YES;
				CLANG_WARN_UNGUARDED_AVAILABILITY = YES_AGGRESSIVE;
				CLANG_WARN_UNREACHABLE_CODE = YES;
				CLANG_WARN__DUPLICATE_METHOD_MATCH = YES;
				COPY_PHASE_STRIP = NO;
				DEBUG_INFORMATION_FORMAT = "dwarf-with-dsym";
				ENABLE_NS_ASSERTIONS = NO;
				ENABLE_STRICT_OBJC_MSGSEND = YES;
				ENABLE_USER_SCRIPT_SANDBOXING = YES;
				GCC_C_LANGUAGE_STANDARD = gnu17;
				GCC_NO_COMMON_BLOCKS = YES;
				GCC_WARN_64_TO_32_BIT_CONVERSION = YES;
				GCC_WARN_ABOUT_RETURN_TYPE = YES_ERROR;
				GCC_WARN_UNDECLARED_SELECTOR = YES;
				GCC_WARN_UNINITIALIZED_AUTOS = YES_AGGRESSIVE;
				GCC_WARN_UNUSED_FUNCTION = YES;
				GCC_WARN_UNUSED_VARIABLE = YES;
				IPHONEOS_DEPLOYMENT_TARGET = 17.2;
				LOCALIZATION_PREFERS_STRING_CATALOGS = YES;
				MTL_ENABLE_DEBUG_INFO = NO;
				MTL_FAST_MATH = YES;
				SDKROOT = iphoneos;
				SWIFT_COMPILATION_MODE = wholemodule;
				VALIDATE_PRODUCT = YES;
			};
			name = Release;
		};
		8C82D27E2B3CC131007E59DC /* Debug */ = {
			isa = XCBuildConfiguration;
			buildSettings = {
				ASSETCATALOG_COMPILER_APPICON_NAME = AppIcon;
				ASSETCATALOG_COMPILER_GLOBAL_ACCENT_COLOR_NAME = AccentColor;
				CODE_SIGN_STYLE = Automatic;
				CURRENT_PROJECT_VERSION = 1;
				DEVELOPMENT_ASSET_PATHS = "\"PizzaDelivery/Preview Content\"";
				DEVELOPMENT_TEAM = S5RNXZGRV7;
				ENABLE_PREVIEWS = YES;
				GENERATE_INFOPLIST_FILE = YES;
				INFOPLIST_KEY_UIApplicationSceneManifest_Generation = YES;
				INFOPLIST_KEY_UIApplicationSupportsIndirectInputEvents = YES;
				INFOPLIST_KEY_UILaunchScreen_Generation = YES;
				INFOPLIST_KEY_UISupportedInterfaceOrientations_iPad = "UIInterfaceOrientationPortrait UIInterfaceOrientationPortraitUpsideDown UIInterfaceOrientationLandscapeLeft UIInterfaceOrientationLandscapeRight";
				INFOPLIST_KEY_UISupportedInterfaceOrientations_iPhone = "UIInterfaceOrientationPortrait UIInterfaceOrientationLandscapeLeft UIInterfaceOrientationLandscapeRight";
				IPHONEOS_DEPLOYMENT_TARGET = 16.4;
				LD_RUNPATH_SEARCH_PATHS = (
					"$(inherited)",
					"@executable_path/Frameworks",
				);
				MARKETING_VERSION = 1.0;
				PRODUCT_BUNDLE_IDENTIFIER = me.markitantov.PizzaDelivery;
				PRODUCT_NAME = "$(TARGET_NAME)";
				SWIFT_EMIT_LOC_STRINGS = YES;
				SWIFT_VERSION = 5.0;
				TARGETED_DEVICE_FAMILY = "1,2";
			};
			name = Debug;
		};
		8C82D27F2B3CC131007E59DC /* Release */ = {
			isa = XCBuildConfiguration;
			buildSettings = {
				ASSETCATALOG_COMPILER_APPICON_NAME = AppIcon;
				ASSETCATALOG_COMPILER_GLOBAL_ACCENT_COLOR_NAME = AccentColor;
				CODE_SIGN_STYLE = Automatic;
				CURRENT_PROJECT_VERSION = 1;
				DEVELOPMENT_ASSET_PATHS = "\"PizzaDelivery/Preview Content\"";
				DEVELOPMENT_TEAM = S5RNXZGRV7;
				ENABLE_PREVIEWS = YES;
				GENERATE_INFOPLIST_FILE = YES;
				INFOPLIST_KEY_UIApplicationSceneManifest_Generation = YES;
				INFOPLIST_KEY_UIApplicationSupportsIndirectInputEvents = YES;
				INFOPLIST_KEY_UILaunchScreen_Generation = YES;
				INFOPLIST_KEY_UISupportedInterfaceOrientations_iPad = "UIInterfaceOrientationPortrait UIInterfaceOrientationPortraitUpsideDown UIInterfaceOrientationLandscapeLeft UIInterfaceOrientationLandscapeRight";
				INFOPLIST_KEY_UISupportedInterfaceOrientations_iPhone = "UIInterfaceOrientationPortrait UIInterfaceOrientationLandscapeLeft UIInterfaceOrientationLandscapeRight";
				IPHONEOS_DEPLOYMENT_TARGET = 16.4;
				LD_RUNPATH_SEARCH_PATHS = (
					"$(inherited)",
					"@executable_path/Frameworks",
				);
				MARKETING_VERSION = 1.0;
				PRODUCT_BUNDLE_IDENTIFIER = me.markitantov.PizzaDelivery;
				PRODUCT_NAME = "$(TARGET_NAME)";
				SWIFT_EMIT_LOC_STRINGS = YES;
				SWIFT_VERSION = 5.0;
				TARGETED_DEVICE_FAMILY = "1,2";
			};
			name = Release;
		};
/* End XCBuildConfiguration section */

/* Begin XCConfigurationList section */
		8C82D26A2B3CC12F007E59DC /* Build configuration list for PBXProject "PizzaDelivery" */ = {
			isa = XCConfigurationList;
			buildConfigurations = (
				8C82D27B2B3CC131007E59DC /* Debug */,
				8C82D27C2B3CC131007E59DC /* Release */,
			);
			defaultConfigurationIsVisible = 0;
			defaultConfigurationName = Release;
		};
		8C82D27D2B3CC131007E59DC /* Build configuration list for PBXNativeTarget "PizzaDelivery" */ = {
			isa = XCConfigurationList;
			buildConfigurations = (
				8C82D27E2B3CC131007E59DC /* Debug */,
				8C82D27F2B3CC131007E59DC /* Release */,
			);
			defaultConfigurationIsVisible = 0;
			defaultConfigurationName = Release;
		};
/* End XCConfigurationList section */

/* Begin XCRemoteSwiftPackageReference section */
		8C46749A2B3CC8D70034EB19 /* XCRemoteSwiftPackageReference "firebase-ios-sdk" */ = {
			isa = XCRemoteSwiftPackageReference;
			repositoryURL = "https://github.com/firebase/firebase-ios-sdk";
			requirement = {
				kind = upToNextMajorVersion;
				minimumVersion = 10.19.1;
			};
		};
/* End XCRemoteSwiftPackageReference section */

/* Begin XCSwiftPackageProductDependency section */
		8C46749B2B3CC8D70034EB19 /* FirebaseAuth */ = {
			isa = XCSwiftPackageProductDependency;
			package = 8C46749A2B3CC8D70034EB19 /* XCRemoteSwiftPackageReference "firebase-ios-sdk" */;
			productName = FirebaseAuth;
		};
		8C46749D2B3CC8D70034EB19 /* FirebaseFirestore */ = {
			isa = XCSwiftPackageProductDependency;
			package = 8C46749A2B3CC8D70034EB19 /* XCRemoteSwiftPackageReference "firebase-ios-sdk" */;
			productName = FirebaseFirestore;
		};
		8C46749F2B3CC8D70034EB19 /* FirebaseFirestoreSwift */ = {
			isa = XCSwiftPackageProductDependency;
			package = 8C46749A2B3CC8D70034EB19 /* XCRemoteSwiftPackageReference "firebase-ios-sdk" */;
			productName = FirebaseFirestoreSwift;
		};
/* End XCSwiftPackageProductDependency section */
	};
	rootObject = 8C82D2672B3CC12F007E59DC /* Project object */;
}
